
Microsoft Visual Studio Solution File, Format Version 12.00
# Visual Studio Version 16
VisualStudioVersion = 16.0.32002.261
MinimumVisualStudioVersion = 10.0.40219.1
Project("{FAE04EC0-301F-11D3-BF4B-00C04F79EFBC}") = "Permutation in String", "Permutation in String\Permutation in String.csproj", "{4A2C5BB5-176E-4CC8-A98D-643387FA071A}"
EndProject
Global
	GlobalSection(SolutionConfigurationPlatforms) = preSolution
		Debug|Any CPU = Debug|Any CPU
		Release|Any CPU = Release|Any CPU
	EndGlobalSection
	GlobalSection(ProjectConfigurationPlatforms) = postSolution
		{4A2C5BB5-176E-4CC8-A98D-643387FA071A}.Debug|Any CPU.ActiveCfg = Debug|Any CPU
		{4A2C5BB5-176E-4CC8-A98D-643387FA071A}.Debug|Any CPU.Build.0 = Debug|Any CPU
		{4A2C5BB5-176E-4CC8-A98D-643387FA071A}.Release|Any CPU.ActiveCfg = Release|Any CPU
		{4A2C5BB5-176E-4CC8-A98D-643387FA071A}.Release|Any CPU.Build.0 = Release|Any CPU
	EndGlobalSection
	GlobalSection(SolutionProperties) = preSolution
		HideSolutionNode = FALSE
	EndGlobalSection
	GlobalSection(ExtensibilityGlobals) = postSolution
		SolutionGuid = {BCFE772C-A774-4665-B478-D530AB353105}
	EndGlobalSection
EndGlobal
